// !$*UTF8*$!
{
	archiveVersion = 1;
	classes = {
	};
	objectVersion = 46;
	objects = {

/* Begin PBXBuildFile section */
		5919C5271EBC21020053FDEC /* Foundation.framework in Frameworks */ = {isa = PBXBuildFile; fileRef = 5919C5261EBC21020053FDEC /* Foundation.framework */; };
		5919C52B1EBCE4190053FDEC /* AppKit.framework in Frameworks */ = {isa = PBXBuildFile; fileRef = 5919C52A1EBCE4190053FDEC /* AppKit.framework */; };
		593D4DE51EB543DB00BC0591 /* Photon.h in Headers */ = {isa = PBXBuildFile; fileRef = 597773A41EAF9AB10051EF1D /* Photon.h */; settings = {ATTRIBUTES = (Public, ); }; };
		593D4DED1EB56CFE00BC0591 /* Ray.swift in Sources */ = {isa = PBXBuildFile; fileRef = 593D4DEC1EB56CFE00BC0591 /* Ray.swift */; };
		593D4DEE1EB56CFE00BC0591 /* Ray.swift in Sources */ = {isa = PBXBuildFile; fileRef = 593D4DEC1EB56CFE00BC0591 /* Ray.swift */; };
		593D4DF01EB56E6F00BC0591 /* Point.swift in Sources */ = {isa = PBXBuildFile; fileRef = 593D4DEF1EB56E6F00BC0591 /* Point.swift */; };
		593D4DF11EB56E6F00BC0591 /* Point.swift in Sources */ = {isa = PBXBuildFile; fileRef = 593D4DEF1EB56E6F00BC0591 /* Point.swift */; };
		593D4DF31EB56F9D00BC0591 /* PointTests.swift in Sources */ = {isa = PBXBuildFile; fileRef = 593D4DF21EB56F9D00BC0591 /* PointTests.swift */; };
		593D4DF61EB6471700BC0591 /* Scene.swift in Sources */ = {isa = PBXBuildFile; fileRef = 593D4DF51EB6471700BC0591 /* Scene.swift */; };
		593D4DF71EB6471700BC0591 /* Scene.swift in Sources */ = {isa = PBXBuildFile; fileRef = 593D4DF51EB6471700BC0591 /* Scene.swift */; };
		593D4DF91EB64B2A00BC0591 /* Image.swift in Sources */ = {isa = PBXBuildFile; fileRef = 593D4DF81EB64B2A00BC0591 /* Image.swift */; };
		593D4DFA1EB64B2A00BC0591 /* Image.swift in Sources */ = {isa = PBXBuildFile; fileRef = 593D4DF81EB64B2A00BC0591 /* Image.swift */; };
		593D4DFC1EB64B5F00BC0591 /* ImageSerializable.swift in Sources */ = {isa = PBXBuildFile; fileRef = 593D4DFB1EB64B5F00BC0591 /* ImageSerializable.swift */; };
		593D4DFD1EB64B5F00BC0591 /* ImageSerializable.swift in Sources */ = {isa = PBXBuildFile; fileRef = 593D4DFB1EB64B5F00BC0591 /* ImageSerializable.swift */; };
		593D4DFF1EB656AB00BC0591 /* ImageTests.swift in Sources */ = {isa = PBXBuildFile; fileRef = 593D4DFE1EB656AB00BC0591 /* ImageTests.swift */; };
		593D4E011EB6907D00BC0591 /* Normal.swift in Sources */ = {isa = PBXBuildFile; fileRef = 593D4E001EB6907D00BC0591 /* Normal.swift */; };
		593D4E021EB6907D00BC0591 /* Normal.swift in Sources */ = {isa = PBXBuildFile; fileRef = 593D4E001EB6907D00BC0591 /* Normal.swift */; };
		593D4E0A1EB6A53000BC0591 /* main.swift in Sources */ = {isa = PBXBuildFile; fileRef = 593D4E091EB6A53000BC0591 /* main.swift */; };
		593D4E101EB6A65800BC0591 /* Photon.framework in Frameworks */ = {isa = PBXBuildFile; fileRef = 597773A11EAF9AB10051EF1D /* Photon.framework */; };
		593D4E121EB6C12600BC0591 /* Plane.swift in Sources */ = {isa = PBXBuildFile; fileRef = 593D4E111EB6C12600BC0591 /* Plane.swift */; };
		593D4E131EB6C12600BC0591 /* Plane.swift in Sources */ = {isa = PBXBuildFile; fileRef = 593D4E111EB6C12600BC0591 /* Plane.swift */; };
		593D4E151EB6C1BB00BC0591 /* PlaneTests.swift in Sources */ = {isa = PBXBuildFile; fileRef = 593D4E141EB6C1BB00BC0591 /* PlaneTests.swift */; };
		593D4E171EB6DA9B00BC0591 /* Intersection.swift in Sources */ = {isa = PBXBuildFile; fileRef = 593D4E161EB6DA9B00BC0591 /* Intersection.swift */; };
		593D4E181EB6DA9B00BC0591 /* Intersection.swift in Sources */ = {isa = PBXBuildFile; fileRef = 593D4E161EB6DA9B00BC0591 /* Intersection.swift */; };
		593D4FE41EB8DEEF00BC0591 /* GeometricObject.swift in Sources */ = {isa = PBXBuildFile; fileRef = 593D4FE31EB8DEEF00BC0591 /* GeometricObject.swift */; };
		593D4FE51EB8DEEF00BC0591 /* GeometricObject.swift in Sources */ = {isa = PBXBuildFile; fileRef = 593D4FE31EB8DEEF00BC0591 /* GeometricObject.swift */; };
		593D4FE71EB8E2A300BC0591 /* SceneTests.swift in Sources */ = {isa = PBXBuildFile; fileRef = 593D4FE61EB8E2A300BC0591 /* SceneTests.swift */; };
		593D4FE91EB8F1E000BC0591 /* Buffer.swift in Sources */ = {isa = PBXBuildFile; fileRef = 593D4FE81EB8F1E000BC0591 /* Buffer.swift */; };
		593D4FEA1EB8F1E000BC0591 /* Buffer.swift in Sources */ = {isa = PBXBuildFile; fileRef = 593D4FE81EB8F1E000BC0591 /* Buffer.swift */; };
		593D4FEC1EB8F30700BC0591 /* BufferTests.swift in Sources */ = {isa = PBXBuildFile; fileRef = 593D4FEB1EB8F30700BC0591 /* BufferTests.swift */; };
		593D501A1EB9705800BC0591 /* Renderer.swift in Sources */ = {isa = PBXBuildFile; fileRef = 593D50191EB9705800BC0591 /* Renderer.swift */; };
		593D501B1EB9705800BC0591 /* Renderer.swift in Sources */ = {isa = PBXBuildFile; fileRef = 593D50191EB9705800BC0591 /* Renderer.swift */; };
		593D50201EB97FBE00BC0591 /* Sphere.swift in Sources */ = {isa = PBXBuildFile; fileRef = 593D501F1EB97FBE00BC0591 /* Sphere.swift */; };
		593D50211EB97FBE00BC0591 /* Sphere.swift in Sources */ = {isa = PBXBuildFile; fileRef = 593D501F1EB97FBE00BC0591 /* Sphere.swift */; };
		593D50231EB9899F00BC0591 /* SphereTests.swift in Sources */ = {isa = PBXBuildFile; fileRef = 593D50221EB9899F00BC0591 /* SphereTests.swift */; };
		593D510A1EBAA71900BC0591 /* Camera.swift in Sources */ = {isa = PBXBuildFile; fileRef = 593D51091EBAA71900BC0591 /* Camera.swift */; };
		593D510B1EBAA71900BC0591 /* Camera.swift in Sources */ = {isa = PBXBuildFile; fileRef = 593D51091EBAA71900BC0591 /* Camera.swift */; };
		593D510D1EBAAA6A00BC0591 /* OrthographicCamera.swift in Sources */ = {isa = PBXBuildFile; fileRef = 593D510C1EBAAA6A00BC0591 /* OrthographicCamera.swift */; };
		593D510E1EBAAA6A00BC0591 /* OrthographicCamera.swift in Sources */ = {isa = PBXBuildFile; fileRef = 593D510C1EBAAA6A00BC0591 /* OrthographicCamera.swift */; };
		593D51101EBAAB3500BC0591 /* OrthographicCameraTests.swift in Sources */ = {isa = PBXBuildFile; fileRef = 593D510F1EBAAB3500BC0591 /* OrthographicCameraTests.swift */; };
		597773B51EAFA0BB0051EF1D /* Photon.framework in Frameworks */ = {isa = PBXBuildFile; fileRef = 597773A11EAF9AB10051EF1D /* Photon.framework */; };
		597773BD1EAFB1750051EF1D /* Vector.swift in Sources */ = {isa = PBXBuildFile; fileRef = 597773BC1EAFB1750051EF1D /* Vector.swift */; };
		597773BE1EAFB1750051EF1D /* Vector.swift in Sources */ = {isa = PBXBuildFile; fileRef = 597773BC1EAFB1750051EF1D /* Vector.swift */; };
		597773C01EAFB47F0051EF1D /* VectorTests.swift in Sources */ = {isa = PBXBuildFile; fileRef = 597773BF1EAFB47F0051EF1D /* VectorTests.swift */; };
		59D3FFFD1EBFABE400D577BD /* Sampler.swift in Sources */ = {isa = PBXBuildFile; fileRef = 59D3FFFC1EBFABE400D577BD /* Sampler.swift */; };
		59D3FFFE1EBFABE400D577BD /* Sampler.swift in Sources */ = {isa = PBXBuildFile; fileRef = 59D3FFFC1EBFABE400D577BD /* Sampler.swift */; };
/* End PBXBuildFile section */

/* Begin PBXContainerItemProxy section */
		593D4E0E1EB6A65200BC0591 /* PBXContainerItemProxy */ = {
			isa = PBXContainerItemProxy;
			containerPortal = 597773981EAF9AB10051EF1D /* Project object */;
			proxyType = 1;
			remoteGlobalIDString = 597773A01EAF9AB10051EF1D;
			remoteInfo = Photon;
		};
		597773B61EAFA0BB0051EF1D /* PBXContainerItemProxy */ = {
			isa = PBXContainerItemProxy;
			containerPortal = 597773981EAF9AB10051EF1D /* Project object */;
			proxyType = 1;
			remoteGlobalIDString = 597773A01EAF9AB10051EF1D;
			remoteInfo = Photon;
		};
/* End PBXContainerItemProxy section */

/* Begin PBXCopyFilesBuildPhase section */
		593D4E051EB6A53000BC0591 /* CopyFiles */ = {
			isa = PBXCopyFilesBuildPhase;
			buildActionMask = 2147483647;
			dstPath = /usr/share/man/man1/;
			dstSubfolderSpec = 0;
			files = (
			);
			runOnlyForDeploymentPostprocessing = 1;
		};
/* End PBXCopyFilesBuildPhase section */

/* Begin PBXFileReference section */
		5919C5261EBC21020053FDEC /* Foundation.framework */ = {isa = PBXFileReference; lastKnownFileType = wrapper.framework; name = Foundation.framework; path = System/Library/Frameworks/Foundation.framework; sourceTree = SDKROOT; };
		5919C5291EBCD36B0053FDEC /* README.markdown */ = {isa = PBXFileReference; lastKnownFileType = net.daringfireball.markdown; path = README.markdown; sourceTree = "<group>"; };
		5919C52A1EBCE4190053FDEC /* AppKit.framework */ = {isa = PBXFileReference; lastKnownFileType = wrapper.framework; name = AppKit.framework; path = System/Library/Frameworks/AppKit.framework; sourceTree = SDKROOT; };
		593D4DEC1EB56CFE00BC0591 /* Ray.swift */ = {isa = PBXFileReference; fileEncoding = 4; lastKnownFileType = sourcecode.swift; path = Ray.swift; sourceTree = "<group>"; };
		593D4DEF1EB56E6F00BC0591 /* Point.swift */ = {isa = PBXFileReference; fileEncoding = 4; lastKnownFileType = sourcecode.swift; path = Point.swift; sourceTree = "<group>"; };
		593D4DF21EB56F9D00BC0591 /* PointTests.swift */ = {isa = PBXFileReference; fileEncoding = 4; lastKnownFileType = sourcecode.swift; path = PointTests.swift; sourceTree = "<group>"; };
		593D4DF51EB6471700BC0591 /* Scene.swift */ = {isa = PBXFileReference; fileEncoding = 4; lastKnownFileType = sourcecode.swift; path = Scene.swift; sourceTree = "<group>"; };
		593D4DF81EB64B2A00BC0591 /* Image.swift */ = {isa = PBXFileReference; fileEncoding = 4; lastKnownFileType = sourcecode.swift; path = Image.swift; sourceTree = "<group>"; };
		593D4DFB1EB64B5F00BC0591 /* ImageSerializable.swift */ = {isa = PBXFileReference; fileEncoding = 4; lastKnownFileType = sourcecode.swift; path = ImageSerializable.swift; sourceTree = "<group>"; };
		593D4DFE1EB656AB00BC0591 /* ImageTests.swift */ = {isa = PBXFileReference; fileEncoding = 4; lastKnownFileType = sourcecode.swift; path = ImageTests.swift; sourceTree = "<group>"; };
		593D4E001EB6907D00BC0591 /* Normal.swift */ = {isa = PBXFileReference; fileEncoding = 4; lastKnownFileType = sourcecode.swift; path = Normal.swift; sourceTree = "<group>"; };
		593D4E071EB6A53000BC0591 /* photon */ = {isa = PBXFileReference; explicitFileType = "compiled.mach-o.executable"; includeInIndex = 0; path = photon; sourceTree = BUILT_PRODUCTS_DIR; };
		593D4E091EB6A53000BC0591 /* main.swift */ = {isa = PBXFileReference; lastKnownFileType = sourcecode.swift; path = main.swift; sourceTree = "<group>"; };
		593D4E111EB6C12600BC0591 /* Plane.swift */ = {isa = PBXFileReference; fileEncoding = 4; lastKnownFileType = sourcecode.swift; path = Plane.swift; sourceTree = "<group>"; };
		593D4E141EB6C1BB00BC0591 /* PlaneTests.swift */ = {isa = PBXFileReference; fileEncoding = 4; lastKnownFileType = sourcecode.swift; path = PlaneTests.swift; sourceTree = "<group>"; };
		593D4E161EB6DA9B00BC0591 /* Intersection.swift */ = {isa = PBXFileReference; fileEncoding = 4; lastKnownFileType = sourcecode.swift; path = Intersection.swift; sourceTree = "<group>"; };
		593D4FE31EB8DEEF00BC0591 /* GeometricObject.swift */ = {isa = PBXFileReference; fileEncoding = 4; lastKnownFileType = sourcecode.swift; path = GeometricObject.swift; sourceTree = "<group>"; };
		593D4FE61EB8E2A300BC0591 /* SceneTests.swift */ = {isa = PBXFileReference; fileEncoding = 4; lastKnownFileType = sourcecode.swift; path = SceneTests.swift; sourceTree = "<group>"; };
		593D4FE81EB8F1E000BC0591 /* Buffer.swift */ = {isa = PBXFileReference; fileEncoding = 4; lastKnownFileType = sourcecode.swift; path = Buffer.swift; sourceTree = "<group>"; };
		593D4FEB1EB8F30700BC0591 /* BufferTests.swift */ = {isa = PBXFileReference; fileEncoding = 4; lastKnownFileType = sourcecode.swift; path = BufferTests.swift; sourceTree = "<group>"; };
		593D50191EB9705800BC0591 /* Renderer.swift */ = {isa = PBXFileReference; fileEncoding = 4; lastKnownFileType = sourcecode.swift; path = Renderer.swift; sourceTree = "<group>"; };
		593D501F1EB97FBE00BC0591 /* Sphere.swift */ = {isa = PBXFileReference; fileEncoding = 4; lastKnownFileType = sourcecode.swift; path = Sphere.swift; sourceTree = "<group>"; };
		593D50221EB9899F00BC0591 /* SphereTests.swift */ = {isa = PBXFileReference; fileEncoding = 4; lastKnownFileType = sourcecode.swift; path = SphereTests.swift; sourceTree = "<group>"; };
		593D51091EBAA71900BC0591 /* Camera.swift */ = {isa = PBXFileReference; fileEncoding = 4; lastKnownFileType = sourcecode.swift; path = Camera.swift; sourceTree = "<group>"; };
		593D510C1EBAAA6A00BC0591 /* OrthographicCamera.swift */ = {isa = PBXFileReference; fileEncoding = 4; lastKnownFileType = sourcecode.swift; path = OrthographicCamera.swift; sourceTree = "<group>"; };
		593D510F1EBAAB3500BC0591 /* OrthographicCameraTests.swift */ = {isa = PBXFileReference; fileEncoding = 4; lastKnownFileType = sourcecode.swift; path = OrthographicCameraTests.swift; sourceTree = "<group>"; };
		597773A11EAF9AB10051EF1D /* Photon.framework */ = {isa = PBXFileReference; explicitFileType = wrapper.framework; includeInIndex = 0; path = Photon.framework; sourceTree = BUILT_PRODUCTS_DIR; };
		597773A41EAF9AB10051EF1D /* Photon.h */ = {isa = PBXFileReference; lastKnownFileType = sourcecode.c.h; path = Photon.h; sourceTree = "<group>"; };
		597773A51EAF9AB10051EF1D /* Info.plist */ = {isa = PBXFileReference; lastKnownFileType = text.plist.xml; path = Info.plist; sourceTree = "<group>"; };
		597773B01EAFA0BB0051EF1D /* Unit Tests.xctest */ = {isa = PBXFileReference; explicitFileType = wrapper.cfbundle; includeInIndex = 0; path = "Unit Tests.xctest"; sourceTree = BUILT_PRODUCTS_DIR; };
		597773B41EAFA0BB0051EF1D /* Info.plist */ = {isa = PBXFileReference; lastKnownFileType = text.plist.xml; path = Info.plist; sourceTree = "<group>"; };
		597773BC1EAFB1750051EF1D /* Vector.swift */ = {isa = PBXFileReference; fileEncoding = 4; lastKnownFileType = sourcecode.swift; path = Vector.swift; sourceTree = "<group>"; };
		597773BF1EAFB47F0051EF1D /* VectorTests.swift */ = {isa = PBXFileReference; fileEncoding = 4; lastKnownFileType = sourcecode.swift; path = VectorTests.swift; sourceTree = "<group>"; };
		59D3FFFC1EBFABE400D577BD /* Sampler.swift */ = {isa = PBXFileReference; fileEncoding = 4; lastKnownFileType = sourcecode.swift; path = Sampler.swift; sourceTree = "<group>"; };
/* End PBXFileReference section */

/* Begin PBXFrameworksBuildPhase section */
		593D4E041EB6A53000BC0591 /* Frameworks */ = {
			isa = PBXFrameworksBuildPhase;
			buildActionMask = 2147483647;
			files = (
				593D4E101EB6A65800BC0591 /* Photon.framework in Frameworks */,
			);
			runOnlyForDeploymentPostprocessing = 0;
		};
		5977739D1EAF9AB10051EF1D /* Frameworks */ = {
			isa = PBXFrameworksBuildPhase;
			buildActionMask = 2147483647;
			files = (
				5919C5271EBC21020053FDEC /* Foundation.framework in Frameworks */,
			);
			runOnlyForDeploymentPostprocessing = 0;
		};
		597773AD1EAFA0BB0051EF1D /* Frameworks */ = {
			isa = PBXFrameworksBuildPhase;
			buildActionMask = 2147483647;
			files = (
				5919C52B1EBCE4190053FDEC /* AppKit.framework in Frameworks */,
				597773B51EAFA0BB0051EF1D /* Photon.framework in Frameworks */,
			);
			runOnlyForDeploymentPostprocessing = 0;
		};
/* End PBXFrameworksBuildPhase section */

/* Begin PBXGroup section */
		5919C5251EBC21020053FDEC /* Frameworks */ = {
			isa = PBXGroup;
			children = (
				5919C52A1EBCE4190053FDEC /* AppKit.framework */,
				5919C5261EBC21020053FDEC /* Foundation.framework */,
			);
			name = Frameworks;
			sourceTree = "<group>";
		};
		5919C5281EBC26320053FDEC /* Samplers */ = {
			isa = PBXGroup;
			children = (
				59D3FFFC1EBFABE400D577BD /* Sampler.swift */,
			);
			path = Samplers;
			sourceTree = "<group>";
		};
		593D4DE61EB56BC400BC0591 /* Shapes */ = {
			isa = PBXGroup;
			children = (
				5919C5291EBCD36B0053FDEC /* README.markdown */,
				593D4FE31EB8DEEF00BC0591 /* GeometricObject.swift */,
				593D4E111EB6C12600BC0591 /* Plane.swift */,
				593D501F1EB97FBE00BC0591 /* Sphere.swift */,
			);
			path = Shapes;
			sourceTree = "<group>";
		};
		593D4DEA1EB56CD700BC0591 /* Materials */ = {
			isa = PBXGroup;
			children = (
			);
			path = Materials;
			sourceTree = "<group>";
		};
		593D4DEB1EB56CDC00BC0591 /* Core */ = {
			isa = PBXGroup;
			children = (
				593D50191EB9705800BC0591 /* Renderer.swift */,
				593D4FE81EB8F1E000BC0591 /* Buffer.swift */,
				593D4E161EB6DA9B00BC0591 /* Intersection.swift */,
				593D4DEC1EB56CFE00BC0591 /* Ray.swift */,
				593D4DF51EB6471700BC0591 /* Scene.swift */,
			);
			path = Core;
			sourceTree = "<group>";
		};
		593D4DF41EB6465900BC0591 /* Images */ = {
			isa = PBXGroup;
			children = (
				593D4DF81EB64B2A00BC0591 /* Image.swift */,
				593D4DFB1EB64B5F00BC0591 /* ImageSerializable.swift */,
			);
			path = Images;
			sourceTree = "<group>";
		};
		593D4E081EB6A53000BC0591 /* CLI */ = {
			isa = PBXGroup;
			children = (
				593D4E091EB6A53000BC0591 /* main.swift */,
			);
			path = CLI;
			sourceTree = "<group>";
		};
		593D51081EBAA70800BC0591 /* Cameras */ = {
			isa = PBXGroup;
			children = (
				593D51091EBAA71900BC0591 /* Camera.swift */,
				593D510C1EBAAA6A00BC0591 /* OrthographicCamera.swift */,
			);
			path = Cameras;
			sourceTree = "<group>";
		};
		597773971EAF9AB10051EF1D = {
			isa = PBXGroup;
			children = (
				597773A31EAF9AB10051EF1D /* Photon */,
				597773B11EAFA0BB0051EF1D /* Unit Tests */,
				593D4E081EB6A53000BC0591 /* CLI */,
				597773A21EAF9AB10051EF1D /* Products */,
				5919C5251EBC21020053FDEC /* Frameworks */,
			);
			sourceTree = "<group>";
		};
		597773A21EAF9AB10051EF1D /* Products */ = {
			isa = PBXGroup;
			children = (
				597773A11EAF9AB10051EF1D /* Photon.framework */,
				597773B01EAFA0BB0051EF1D /* Unit Tests.xctest */,
				593D4E071EB6A53000BC0591 /* photon */,
			);
			name = Products;
			sourceTree = "<group>";
		};
		597773A31EAF9AB10051EF1D /* Photon */ = {
			isa = PBXGroup;
			children = (
				5919C5281EBC26320053FDEC /* Samplers */,
				593D51081EBAA70800BC0591 /* Cameras */,
				593D4DF41EB6465900BC0591 /* Images */,
				593D4DEA1EB56CD700BC0591 /* Materials */,
				597773BB1EAFA7120051EF1D /* Math */,
				593D4DEB1EB56CDC00BC0591 /* Core */,
				593D4DE61EB56BC400BC0591 /* Shapes */,
				597773A41EAF9AB10051EF1D /* Photon.h */,
				597773A51EAF9AB10051EF1D /* Info.plist */,
			);
			path = Photon;
			sourceTree = "<group>";
		};
		597773B11EAFA0BB0051EF1D /* Unit Tests */ = {
			isa = PBXGroup;
			children = (
				593D4FEB1EB8F30700BC0591 /* BufferTests.swift */,
				593D4DFE1EB656AB00BC0591 /* ImageTests.swift */,
				593D510F1EBAAB3500BC0591 /* OrthographicCameraTests.swift */,
				593D4E141EB6C1BB00BC0591 /* PlaneTests.swift */,
				593D4DF21EB56F9D00BC0591 /* PointTests.swift */,
				593D4FE61EB8E2A300BC0591 /* SceneTests.swift */,
				593D50221EB9899F00BC0591 /* SphereTests.swift */,
				597773BF1EAFB47F0051EF1D /* VectorTests.swift */,
				597773B41EAFA0BB0051EF1D /* Info.plist */,
			);
			path = "Unit Tests";
			sourceTree = "<group>";
		};
		597773BB1EAFA7120051EF1D /* Math */ = {
			isa = PBXGroup;
			children = (
				593D4DEF1EB56E6F00BC0591 /* Point.swift */,
				597773BC1EAFB1750051EF1D /* Vector.swift */,
				593D4E001EB6907D00BC0591 /* Normal.swift */,
			);
			path = Math;
			sourceTree = "<group>";
		};
/* End PBXGroup section */

/* Begin PBXHeadersBuildPhase section */
		5977739E1EAF9AB10051EF1D /* Headers */ = {
			isa = PBXHeadersBuildPhase;
			buildActionMask = 2147483647;
			files = (
				593D4DE51EB543DB00BC0591 /* Photon.h in Headers */,
			);
			runOnlyForDeploymentPostprocessing = 0;
		};
/* End PBXHeadersBuildPhase section */

/* Begin PBXNativeTarget section */
		593D4E061EB6A53000BC0591 /* CLI */ = {
			isa = PBXNativeTarget;
			buildConfigurationList = 593D4E0B1EB6A53000BC0591 /* Build configuration list for PBXNativeTarget "CLI" */;
			buildPhases = (
				593D4E031EB6A53000BC0591 /* Sources */,
				593D4E041EB6A53000BC0591 /* Frameworks */,
				593D4E051EB6A53000BC0591 /* CopyFiles */,
			);
			buildRules = (
			);
			dependencies = (
				593D4E0F1EB6A65200BC0591 /* PBXTargetDependency */,
			);
			name = CLI;
			productName = photon;
			productReference = 593D4E071EB6A53000BC0591 /* photon */;
			productType = "com.apple.product-type.tool";
		};
		597773A01EAF9AB10051EF1D /* Photon */ = {
			isa = PBXNativeTarget;
			buildConfigurationList = 597773A91EAF9AB10051EF1D /* Build configuration list for PBXNativeTarget "Photon" */;
			buildPhases = (
				593D50141EB965BE00BC0591 /* Run SwiftLint */,
				5977739C1EAF9AB10051EF1D /* Sources */,
				5977739D1EAF9AB10051EF1D /* Frameworks */,
				5977739E1EAF9AB10051EF1D /* Headers */,
				5977739F1EAF9AB10051EF1D /* Resources */,
			);
			buildRules = (
			);
			dependencies = (
			);
			name = Photon;
			productName = Photon;
			productReference = 597773A11EAF9AB10051EF1D /* Photon.framework */;
			productType = "com.apple.product-type.framework";
		};
		597773AF1EAFA0BB0051EF1D /* Unit Tests */ = {
			isa = PBXNativeTarget;
			buildConfigurationList = 597773BA1EAFA0BB0051EF1D /* Build configuration list for PBXNativeTarget "Unit Tests" */;
			buildPhases = (
				597773AC1EAFA0BB0051EF1D /* Sources */,
				597773AD1EAFA0BB0051EF1D /* Frameworks */,
				597773AE1EAFA0BB0051EF1D /* Resources */,
			);
			buildRules = (
			);
			dependencies = (
				597773B71EAFA0BB0051EF1D /* PBXTargetDependency */,
			);
			name = "Unit Tests";
			productName = "Unit Tests";
			productReference = 597773B01EAFA0BB0051EF1D /* Unit Tests.xctest */;
			productType = "com.apple.product-type.bundle.unit-test";
		};
/* End PBXNativeTarget section */

/* Begin PBXProject section */
		597773981EAF9AB10051EF1D /* Project object */ = {
			isa = PBXProject;
			attributes = {
				LastSwiftUpdateCheck = 0830;
				LastUpgradeCheck = 0830;
				ORGANIZATIONNAME = "Sam Symons";
				TargetAttributes = {
					593D4E061EB6A53000BC0591 = {
						CreatedOnToolsVersion = 8.3.2;
						ProvisioningStyle = Automatic;
					};
					597773A01EAF9AB10051EF1D = {
						CreatedOnToolsVersion = 8.3.2;
						LastSwiftMigration = 0830;
						ProvisioningStyle = Automatic;
					};
					597773AF1EAFA0BB0051EF1D = {
						CreatedOnToolsVersion = 8.3.2;
						ProvisioningStyle = Automatic;
					};
				};
			};
			buildConfigurationList = 5977739B1EAF9AB10051EF1D /* Build configuration list for PBXProject "Photon" */;
			compatibilityVersion = "Xcode 3.2";
			developmentRegion = English;
			hasScannedForEncodings = 0;
			knownRegions = (
				en,
			);
			mainGroup = 597773971EAF9AB10051EF1D;
			productRefGroup = 597773A21EAF9AB10051EF1D /* Products */;
			projectDirPath = "";
			projectRoot = "";
			targets = (
				597773A01EAF9AB10051EF1D /* Photon */,
				593D4E061EB6A53000BC0591 /* CLI */,
				597773AF1EAFA0BB0051EF1D /* Unit Tests */,
			);
		};
/* End PBXProject section */

/* Begin PBXResourcesBuildPhase section */
		5977739F1EAF9AB10051EF1D /* Resources */ = {
			isa = PBXResourcesBuildPhase;
			buildActionMask = 2147483647;
			files = (
			);
			runOnlyForDeploymentPostprocessing = 0;
		};
		597773AE1EAFA0BB0051EF1D /* Resources */ = {
			isa = PBXResourcesBuildPhase;
			buildActionMask = 2147483647;
			files = (
			);
			runOnlyForDeploymentPostprocessing = 0;
		};
/* End PBXResourcesBuildPhase section */

/* Begin PBXShellScriptBuildPhase section */
		593D50141EB965BE00BC0591 /* Run SwiftLint */ = {
			isa = PBXShellScriptBuildPhase;
			buildActionMask = 2147483647;
			files = (
			);
			inputPaths = (
			);
			name = "Run SwiftLint";
			outputPaths = (
			);
			runOnlyForDeploymentPostprocessing = 0;
			shellPath = /bin/sh;
			shellScript = "if which swiftlint >/dev/null; then\n  swiftlint\nelse\n  echo \"warning: SwiftLint not installed, download from https://github.com/realm/SwiftLint\"\nfi";
		};
/* End PBXShellScriptBuildPhase section */

/* Begin PBXSourcesBuildPhase section */
		593D4E031EB6A53000BC0591 /* Sources */ = {
			isa = PBXSourcesBuildPhase;
			buildActionMask = 2147483647;
			files = (
				593D4E0A1EB6A53000BC0591 /* main.swift in Sources */,
			);
			runOnlyForDeploymentPostprocessing = 0;
		};
		5977739C1EAF9AB10051EF1D /* Sources */ = {
			isa = PBXSourcesBuildPhase;
			buildActionMask = 2147483647;
			files = (
				593D50201EB97FBE00BC0591 /* Sphere.swift in Sources */,
				593D4E011EB6907D00BC0591 /* Normal.swift in Sources */,
				593D4E121EB6C12600BC0591 /* Plane.swift in Sources */,
				593D4FE41EB8DEEF00BC0591 /* GeometricObject.swift in Sources */,
				593D4DF01EB56E6F00BC0591 /* Point.swift in Sources */,
				593D510D1EBAAA6A00BC0591 /* OrthographicCamera.swift in Sources */,
				593D501A1EB9705800BC0591 /* Renderer.swift in Sources */,
				593D4DF91EB64B2A00BC0591 /* Image.swift in Sources */,
				593D4DF61EB6471700BC0591 /* Scene.swift in Sources */,
				597773BD1EAFB1750051EF1D /* Vector.swift in Sources */,
				593D4FE91EB8F1E000BC0591 /* Buffer.swift in Sources */,
				593D510A1EBAA71900BC0591 /* Camera.swift in Sources */,
				59D3FFFD1EBFABE400D577BD /* Sampler.swift in Sources */,
				593D4DFC1EB64B5F00BC0591 /* ImageSerializable.swift in Sources */,
				593D4E171EB6DA9B00BC0591 /* Intersection.swift in Sources */,
				593D4DED1EB56CFE00BC0591 /* Ray.swift in Sources */,
			);
			runOnlyForDeploymentPostprocessing = 0;
		};
		597773AC1EAFA0BB0051EF1D /* Sources */ = {
			isa = PBXSourcesBuildPhase;
			buildActionMask = 2147483647;
			files = (
				593D4DFD1EB64B5F00BC0591 /* ImageSerializable.swift in Sources */,
				593D4FEA1EB8F1E000BC0591 /* Buffer.swift in Sources */,
				593D4DF31EB56F9D00BC0591 /* PointTests.swift in Sources */,
				593D4FE51EB8DEEF00BC0591 /* GeometricObject.swift in Sources */,
				593D4DFA1EB64B2A00BC0591 /* Image.swift in Sources */,
				593D4DEE1EB56CFE00BC0591 /* Ray.swift in Sources */,
				593D501B1EB9705800BC0591 /* Renderer.swift in Sources */,
				593D4DF11EB56E6F00BC0591 /* Point.swift in Sources */,
				593D50231EB9899F00BC0591 /* SphereTests.swift in Sources */,
				593D51101EBAAB3500BC0591 /* OrthographicCameraTests.swift in Sources */,
				593D4DFF1EB656AB00BC0591 /* ImageTests.swift in Sources */,
				597773BE1EAFB1750051EF1D /* Vector.swift in Sources */,
				593D4DF71EB6471700BC0591 /* Scene.swift in Sources */,
				597773C01EAFB47F0051EF1D /* VectorTests.swift in Sources */,
				593D50211EB97FBE00BC0591 /* Sphere.swift in Sources */,
				593D4E151EB6C1BB00BC0591 /* PlaneTests.swift in Sources */,
				593D4E131EB6C12600BC0591 /* Plane.swift in Sources */,
				593D510B1EBAA71900BC0591 /* Camera.swift in Sources */,
				593D4E181EB6DA9B00BC0591 /* Intersection.swift in Sources */,
				593D4FEC1EB8F30700BC0591 /* BufferTests.swift in Sources */,
				59D3FFFE1EBFABE400D577BD /* Sampler.swift in Sources */,
				593D4E021EB6907D00BC0591 /* Normal.swift in Sources */,
				593D510E1EBAAA6A00BC0591 /* OrthographicCamera.swift in Sources */,
				593D4FE71EB8E2A300BC0591 /* SceneTests.swift in Sources */,
			);
			runOnlyForDeploymentPostprocessing = 0;
		};
/* End PBXSourcesBuildPhase section */

/* Begin PBXTargetDependency section */
		593D4E0F1EB6A65200BC0591 /* PBXTargetDependency */ = {
			isa = PBXTargetDependency;
			target = 597773A01EAF9AB10051EF1D /* Photon */;
			targetProxy = 593D4E0E1EB6A65200BC0591 /* PBXContainerItemProxy */;
		};
		597773B71EAFA0BB0051EF1D /* PBXTargetDependency */ = {
			isa = PBXTargetDependency;
			target = 597773A01EAF9AB10051EF1D /* Photon */;
			targetProxy = 597773B61EAFA0BB0051EF1D /* PBXContainerItemProxy */;
		};
/* End PBXTargetDependency section */

/* Begin XCBuildConfiguration section */
		593D4E0C1EB6A53000BC0591 /* Debug */ = {
			isa = XCBuildConfiguration;
			buildSettings = {
				ALWAYS_EMBED_SWIFT_STANDARD_LIBRARIES = YES;
				PRODUCT_NAME = photon;
				SWIFT_VERSION = 3.0;
			};
			name = Debug;
		};
		593D4E0D1EB6A53000BC0591 /* Release */ = {
			isa = XCBuildConfiguration;
			buildSettings = {
				ALWAYS_EMBED_SWIFT_STANDARD_LIBRARIES = YES;
				PRODUCT_NAME = photon;
				SWIFT_VERSION = 3.0;
			};
			name = Release;
		};
		597773A71EAF9AB10051EF1D /* Debug */ = {
			isa = XCBuildConfiguration;
			buildSettings = {
				ALWAYS_SEARCH_USER_PATHS = NO;
				CLANG_ANALYZER_NONNULL = YES;
				CLANG_ANALYZER_NUMBER_OBJECT_CONVERSION = YES_AGGRESSIVE;
				CLANG_CXX_LANGUAGE_STANDARD = "gnu++0x";
				CLANG_CXX_LIBRARY = "libc++";
				CLANG_ENABLE_MODULES = YES;
				CLANG_ENABLE_OBJC_ARC = YES;
				CLANG_WARN_BOOL_CONVERSION = YES;
				CLANG_WARN_CONSTANT_CONVERSION = YES;
				CLANG_WARN_DIRECT_OBJC_ISA_USAGE = YES_ERROR;
				CLANG_WARN_DOCUMENTATION_COMMENTS = YES;
				CLANG_WARN_EMPTY_BODY = YES;
				CLANG_WARN_ENUM_CONVERSION = YES;
				CLANG_WARN_INFINITE_RECURSION = YES;
				CLANG_WARN_INT_CONVERSION = YES;
				CLANG_WARN_OBJC_ROOT_CLASS = YES_ERROR;
				CLANG_WARN_SUSPICIOUS_MOVE = YES;
				CLANG_WARN_UNREACHABLE_CODE = YES;
				CLANG_WARN__DUPLICATE_METHOD_MATCH = YES;
				CODE_SIGN_IDENTITY = "-";
				COPY_PHASE_STRIP = NO;
				CURRENT_PROJECT_VERSION = 1;
				DEBUG_INFORMATION_FORMAT = dwarf;
				ENABLE_STRICT_OBJC_MSGSEND = YES;
				ENABLE_TESTABILITY = YES;
				GCC_C_LANGUAGE_STANDARD = gnu99;
				GCC_DYNAMIC_NO_PIC = NO;
				GCC_NO_COMMON_BLOCKS = YES;
				GCC_OPTIMIZATION_LEVEL = 0;
				GCC_PREPROCESSOR_DEFINITIONS = (
					"DEBUG=1",
					"$(inherited)",
				);
				GCC_WARN_64_TO_32_BIT_CONVERSION = YES;
				GCC_WARN_ABOUT_RETURN_TYPE = YES_ERROR;
				GCC_WARN_UNDECLARED_SELECTOR = YES;
				GCC_WARN_UNINITIALIZED_AUTOS = YES_AGGRESSIVE;
				GCC_WARN_UNUSED_FUNCTION = YES;
				GCC_WARN_UNUSED_VARIABLE = YES;
				MACOSX_DEPLOYMENT_TARGET = 10.12;
				MTL_ENABLE_DEBUG_INFO = YES;
				ONLY_ACTIVE_ARCH = YES;
				SDKROOT = macosx;
				SWIFT_ACTIVE_COMPILATION_CONDITIONS = DEBUG;
				SWIFT_OPTIMIZATION_LEVEL = "-Onone";
				VERSIONING_SYSTEM = "apple-generic";
				VERSION_INFO_PREFIX = "";
			};
			name = Debug;
		};
		597773A81EAF9AB10051EF1D /* Release */ = {
			isa = XCBuildConfiguration;
			buildSettings = {
				ALWAYS_SEARCH_USER_PATHS = NO;
				CLANG_ANALYZER_NONNULL = YES;
				CLANG_ANALYZER_NUMBER_OBJECT_CONVERSION = YES_AGGRESSIVE;
				CLANG_CXX_LANGUAGE_STANDARD = "gnu++0x";
				CLANG_CXX_LIBRARY = "libc++";
				CLANG_ENABLE_MODULES = YES;
				CLANG_ENABLE_OBJC_ARC = YES;
				CLANG_WARN_BOOL_CONVERSION = YES;
				CLANG_WARN_CONSTANT_CONVERSION = YES;
				CLANG_WARN_DIRECT_OBJC_ISA_USAGE = YES_ERROR;
				CLANG_WARN_DOCUMENTATION_COMMENTS = YES;
				CLANG_WARN_EMPTY_BODY = YES;
				CLANG_WARN_ENUM_CONVERSION = YES;
				CLANG_WARN_INFINITE_RECURSION = YES;
				CLANG_WARN_INT_CONVERSION = YES;
				CLANG_WARN_OBJC_ROOT_CLASS = YES_ERROR;
				CLANG_WARN_SUSPICIOUS_MOVE = YES;
				CLANG_WARN_UNREACHABLE_CODE = YES;
				CLANG_WARN__DUPLICATE_METHOD_MATCH = YES;
				CODE_SIGN_IDENTITY = "-";
				COPY_PHASE_STRIP = NO;
				CURRENT_PROJECT_VERSION = 1;
				DEBUG_INFORMATION_FORMAT = "dwarf-with-dsym";
				ENABLE_NS_ASSERTIONS = NO;
				ENABLE_STRICT_OBJC_MSGSEND = YES;
				GCC_C_LANGUAGE_STANDARD = gnu99;
				GCC_NO_COMMON_BLOCKS = YES;
				GCC_WARN_64_TO_32_BIT_CONVERSION = YES;
				GCC_WARN_ABOUT_RETURN_TYPE = YES_ERROR;
				GCC_WARN_UNDECLARED_SELECTOR = YES;
				GCC_WARN_UNINITIALIZED_AUTOS = YES_AGGRESSIVE;
				GCC_WARN_UNUSED_FUNCTION = YES;
				GCC_WARN_UNUSED_VARIABLE = YES;
				MACOSX_DEPLOYMENT_TARGET = 10.12;
				MTL_ENABLE_DEBUG_INFO = NO;
				SDKROOT = macosx;
				SWIFT_OPTIMIZATION_LEVEL = "-Owholemodule";
				VERSIONING_SYSTEM = "apple-generic";
				VERSION_INFO_PREFIX = "";
			};
			name = Release;
		};
		597773AA1EAF9AB10051EF1D /* Debug */ = {
			isa = XCBuildConfiguration;
			buildSettings = {
				ALWAYS_EMBED_SWIFT_STANDARD_LIBRARIES = YES;
				CLANG_ENABLE_MODULES = YES;
				CODE_SIGN_IDENTITY = "";
				COMBINE_HIDPI_IMAGES = YES;
				DEFINES_MODULE = YES;
				DYLIB_COMPATIBILITY_VERSION = 1;
				DYLIB_CURRENT_VERSION = 1;
				DYLIB_INSTALL_NAME_BASE = "@rpath";
				FRAMEWORK_VERSION = A;
				GCC_TREAT_WARNINGS_AS_ERRORS = YES;
				GCC_WARN_ABOUT_MISSING_NEWLINE = YES;
				GCC_WARN_PEDANTIC = YES;
				GCC_WARN_SHADOW = YES;
				GCC_WARN_UNUSED_LABEL = YES;
				GCC_WARN_UNUSED_PARAMETER = YES;
				INFOPLIST_FILE = Photon/Info.plist;
				INSTALL_PATH = "$(LOCAL_LIBRARY_DIR)/Frameworks";
				LD_RUNPATH_SEARCH_PATHS = "$(inherited) @executable_path/../Frameworks @loader_path/Frameworks";
				PRODUCT_BUNDLE_IDENTIFIER = com.samsymons.photon;
				PRODUCT_NAME = "$(TARGET_NAME)";
				SKIP_INSTALL = YES;
				SWIFT_OPTIMIZATION_LEVEL = "-Onone";
				SWIFT_VERSION = 3.0;
			};
			name = Debug;
		};
		597773AB1EAF9AB10051EF1D /* Release */ = {
			isa = XCBuildConfiguration;
			buildSettings = {
				ALWAYS_EMBED_SWIFT_STANDARD_LIBRARIES = YES;
				CLANG_ENABLE_MODULES = YES;
				CODE_SIGN_IDENTITY = "";
				COMBINE_HIDPI_IMAGES = YES;
				DEFINES_MODULE = YES;
				DYLIB_COMPATIBILITY_VERSION = 1;
				DYLIB_CURRENT_VERSION = 1;
				DYLIB_INSTALL_NAME_BASE = "@rpath";
				FRAMEWORK_VERSION = A;
				GCC_TREAT_WARNINGS_AS_ERRORS = YES;
				GCC_WARN_ABOUT_MISSING_NEWLINE = YES;
				GCC_WARN_PEDANTIC = YES;
				GCC_WARN_SHADOW = YES;
				GCC_WARN_UNUSED_LABEL = YES;
				GCC_WARN_UNUSED_PARAMETER = YES;
				INFOPLIST_FILE = Photon/Info.plist;
				INSTALL_PATH = "$(LOCAL_LIBRARY_DIR)/Frameworks";
				LD_RUNPATH_SEARCH_PATHS = "$(inherited) @executable_path/../Frameworks @loader_path/Frameworks";
				PRODUCT_BUNDLE_IDENTIFIER = com.samsymons.photon;
				PRODUCT_NAME = "$(TARGET_NAME)";
				SKIP_INSTALL = YES;
				SWIFT_VERSION = 3.0;
			};
			name = Release;
		};
		597773B81EAFA0BB0051EF1D /* Debug */ = {
			isa = XCBuildConfiguration;
			buildSettings = {
				ALWAYS_EMBED_SWIFT_STANDARD_LIBRARIES = YES;
				COMBINE_HIDPI_IMAGES = YES;
				INFOPLIST_FILE = "Unit Tests/Info.plist";
				LD_RUNPATH_SEARCH_PATHS = "$(inherited) @executable_path/../Frameworks @loader_path/../Frameworks";
				PRODUCT_BUNDLE_IDENTIFIER = "com.samsymons.Unit-Tests";
				PRODUCT_NAME = "$(TARGET_NAME)";
				SWIFT_VERSION = 3.0;
			};
			name = Debug;
		};
		597773B91EAFA0BB0051EF1D /* Release */ = {
			isa = XCBuildConfiguration;
			buildSettings = {
				ALWAYS_EMBED_SWIFT_STANDARD_LIBRARIES = YES;
				COMBINE_HIDPI_IMAGES = YES;
				INFOPLIST_FILE = "Unit Tests/Info.plist";
				LD_RUNPATH_SEARCH_PATHS = "$(inherited) @executable_path/../Frameworks @loader_path/../Frameworks";
				PRODUCT_BUNDLE_IDENTIFIER = "com.samsymons.Unit-Tests";
				PRODUCT_NAME = "$(TARGET_NAME)";
				SWIFT_VERSION = 3.0;
			};
			name = Release;
		};
/* End XCBuildConfiguration section */

/* Begin XCConfigurationList section */
		593D4E0B1EB6A53000BC0591 /* Build configuration list for PBXNativeTarget "CLI" */ = {
			isa = XCConfigurationList;
			buildConfigurations = (
				593D4E0C1EB6A53000BC0591 /* Debug */,
				593D4E0D1EB6A53000BC0591 /* Release */,
			);
			defaultConfigurationIsVisible = 0;
			defaultConfigurationName = Release;
		};
		5977739B1EAF9AB10051EF1D /* Build configuration list for PBXProject "Photon" */ = {
			isa = XCConfigurationList;
			buildConfigurations = (
				597773A71EAF9AB10051EF1D /* Debug */,
				597773A81EAF9AB10051EF1D /* Release */,
			);
			defaultConfigurationIsVisible = 0;
			defaultConfigurationName = Release;
		};
		597773A91EAF9AB10051EF1D /* Build configuration list for PBXNativeTarget "Photon" */ = {
			isa = XCConfigurationList;
			buildConfigurations = (
				597773AA1EAF9AB10051EF1D /* Debug */,
				597773AB1EAF9AB10051EF1D /* Release */,
			);
			defaultConfigurationIsVisible = 0;
			defaultConfigurationName = Release;
		};
		597773BA1EAFA0BB0051EF1D /* Build configuration list for PBXNativeTarget "Unit Tests" */ = {
			isa = XCConfigurationList;
			buildConfigurations = (
				597773B81EAFA0BB0051EF1D /* Debug */,
				597773B91EAFA0BB0051EF1D /* Release */,
			);
			defaultConfigurationIsVisible = 0;
			defaultConfigurationName = Release;
		};
/* End XCConfigurationList section */
	};
	rootObject = 597773981EAF9AB10051EF1D /* Project object */;
}
